<?xml version="1.0" encoding="utf-8"?>
<Project ToolsVersion="4.0" xmlns="http://schemas.microsoft.com/developer/msbuild/2003">
  <ItemGroup>
    <Filter Include="system">
      <UniqueIdentifier>{22dd8095-74f9-46df-81a1-36675a040b1f}</UniqueIdentifier>
    </Filter>
  </ItemGroup>
  <ItemGroup>
    <ClCompile Include="stdafx.cpp" />
    <ClCompile Include="main.cpp" />
    <ClCompile Include="system\system.cpp">
      <Filter>system</Filter>
    </ClCompile>
    <ClCompile Include="Game.cpp" />
    <ClCompile Include="Player.cpp" />
    <ClCompile Include="GameCamera.cpp" />
    <ClCompile Include="MovingFloor.cpp" />
    <ClCompile Include="Enemy.cpp" />
    <ClCompile Include="ObstacleBox.cpp" />
    <ClCompile Include="MovingFloorUpDown.cpp" />
    <ClCompile Include="SkyGround.cpp" />
    <ClCompile Include="Poal.cpp" />
    <ClCompile Include="Title.cpp" />
    <ClCompile Include="GameClear.cpp" />
    <ClCompile Include="GameOver.cpp" />
    <ClCompile Include="HPUI.cpp" />
    <ClCompile Include="BossStage.cpp" />
    <ClCompile Include="Score.cpp" />
    <ClCompile Include="SoundManager.cpp" />
    <ClCompile Include="SecondGround.cpp" />
    <ClCompile Include="SinkScaffold.cpp" />
    <ClCompile Include="RouteC.cpp" />
    <ClCompile Include="ChargeItem.cpp" />
    <ClCompile Include="FallBox.cpp" />
    <ClCompile Include="Stage1.cpp" />
    <ClCompile Include="Scaffold.cpp" />
    <ClCompile Include="WarpBox.cpp" />
    <ClCompile Include="PauseScene.cpp" />
  </ItemGroup>
  <ItemGroup>
    <ClInclude Include="stdafx.h" />
    <ClInclude Include="system\system.h">
      <Filter>system</Filter>
    </ClInclude>
    <ClInclude Include="Game.h" />
    <ClInclude Include="Player.h" />
    <ClInclude Include="GameCamera.h" />
    <ClInclude Include="MovingFloor.h" />
    <ClInclude Include="Enemy.h" />
    <ClInclude Include="ObstacleBox.h" />
    <ClInclude Include="MovingFloorUpDown.h" />
    <ClInclude Include="SkyGround.h" />
    <ClInclude Include="Poal.h" />
    <ClInclude Include="Title.h" />
    <ClInclude Include="GameClear.h" />
    <ClInclude Include="GameOver.h" />
    <ClInclude Include="HPUI.h" />
    <ClInclude Include="BossStage.h" />
    <ClInclude Include="Score.h" />
    <ClInclude Include="SoundManager.h" />
    <ClInclude Include="SecondGround.h" />
    <ClInclude Include="SinkScaffold.h" />
    <ClInclude Include="RouteC.h" />
    <ClInclude Include="ChargeItem.h" />
    <ClInclude Include="FallBox.h" />
    <ClInclude Include="Stage1.h" />
    <ClInclude Include="Scaffold.h" />
    <ClInclude Include="WarpBox.h" />
    <ClInclude Include="PauseScene.h" />
  </ItemGroup>
  <ItemGroup>
    <None Include="..\..\..\..\Users\Public\Desktop\Razer Cortex.lnk">
      <Filter>system</Filter>
    </None>
  </ItemGroup>
</Project>